// !$*UTF8*$!
{
	archiveVersion = 1;
	classes = {
	};
	objectVersion = 46;
	objects = {

/* Begin PBXBuildFile section */
		B28655BE1F06FD66005C9162 /* AppDelegate.swift in Sources */ = {isa = PBXBuildFile; fileRef = B28655BD1F06FD66005C9162 /* AppDelegate.swift */; };
		B28655C01F06FD66005C9162 /* ViewController.swift in Sources */ = {isa = PBXBuildFile; fileRef = B28655BF1F06FD66005C9162 /* ViewController.swift */; };
		B28655C31F06FD66005C9162 /* Main.storyboard in Resources */ = {isa = PBXBuildFile; fileRef = B28655C11F06FD66005C9162 /* Main.storyboard */; };
		B28655C51F06FD66005C9162 /* Assets.xcassets in Resources */ = {isa = PBXBuildFile; fileRef = B28655C41F06FD66005C9162 /* Assets.xcassets */; };
		B28655C81F06FD66005C9162 /* LaunchScreen.storyboard in Resources */ = {isa = PBXBuildFile; fileRef = B28655C61F06FD66005C9162 /* LaunchScreen.storyboard */; };
/* End PBXBuildFile section */

/* Begin PBXFileReference section */
		B28655BA1F06FD66005C9162 /* GPA Tracker.app */ = {isa = PBXFileReference; explicitFileType = wrapper.application; includeInIndex = 0; path = "GPA Tracker.app"; sourceTree = BUILT_PRODUCTS_DIR; };
		B28655BD1F06FD66005C9162 /* AppDelegate.swift */ = {isa = PBXFileReference; lastKnownFileType = sourcecode.swift; path = AppDelegate.swift; sourceTree = "<group>"; };
		B28655BF1F06FD66005C9162 /* ViewController.swift */ = {isa = PBXFileReference; lastKnownFileType = sourcecode.swift; path = ViewController.swift; sourceTree = "<group>"; };
		B28655C21F06FD66005C9162 /* Base */ = {isa = PBXFileReference; lastKnownFileType = file.storyboard; name = Base; path = Base.lproj/Main.storyboard; sourceTree = "<group>"; };
		B28655C41F06FD66005C9162 /* Assets.xcassets */ = {isa = PBXFileReference; lastKnownFileType = folder.assetcatalog; path = Assets.xcassets; sourceTree = "<group>"; };
		B28655C71F06FD66005C9162 /* Base */ = {isa = PBXFileReference; lastKnownFileType = file.storyboard; name = Base; path = Base.lproj/LaunchScreen.storyboard; sourceTree = "<group>"; };
		B28655C91F06FD66005C9162 /* Info.plist */ = {isa = PBXFileReference; lastKnownFileType = text.plist.xml; path = Info.plist; sourceTree = "<group>"; };
/* End PBXFileReference section */

/* Begin PBXFrameworksBuildPhase section */
		B28655B71F06FD66005C9162 /* Frameworks */ = {
			isa = PBXFrameworksBuildPhase;
			buildActionMask = 2147483647;
			files = (
			);
			runOnlyForDeploymentPostprocessing = 0;
		};
/* End PBXFrameworksBuildPhase section */

/* Begin PBXGroup section */
		B28655B11F06FD66005C9162 = {
			isa = PBXGroup;
			children = (
				B28655BC1F06FD66005C9162 /* GPA Tracker */,
				B28655BB1F06FD66005C9162 /* Products */,
			);
			sourceTree = "<group>";
		};
		B28655BB1F06FD66005C9162 /* Products */ = {
			isa = PBXGroup;
			children = (
				B28655BA1F06FD66005C9162 /* GPA Tracker.app */,
			);
			name = Products;
			sourceTree = "<group>";
		};
		B28655BC1F06FD66005C9162 /* GPA Tracker */ = {
			isa = PBXGroup;
			children = (
				B28655BD1F06FD66005C9162 /* AppDelegate.swift */,
				B28655BF1F06FD66005C9162 /* ViewController.swift */,
				B28655C11F06FD66005C9162 /* Main.storyboard */,
				B28655C41F06FD66005C9162 /* Assets.xcassets */,
				B28655C61F06FD66005C9162 /* LaunchScreen.storyboard */,
				B28655C91F06FD66005C9162 /* Info.plist */,
			);
			path = "GPA Tracker";
			sourceTree = "<group>";
		};
/* End PBXGroup section */

/* Begin PBXNativeTarget section */
		B28655B91F06FD66005C9162 /* GPA Tracker */ = {
			isa = PBXNativeTarget;
			buildConfigurationList = B28655CC1F06FD66005C9162 /* Build configuration list for PBXNativeTarget "GPA Tracker" */;
			buildPhases = (
				B28655B61F06FD66005C9162 /* Sources */,
				B28655B71F06FD66005C9162 /* Frameworks */,
				B28655B81F06FD66005C9162 /* Resources */,
			);
			buildRules = (
			);
			dependencies = (
			);
			name = "GPA Tracker";
			productName = "GPA Tracker";
			productReference = B28655BA1F06FD66005C9162 /* GPA Tracker.app */;
			productType = "com.apple.product-type.application";
		};
/* End PBXNativeTarget section */

/* Begin PBXProject section */
		B28655B21F06FD66005C9162 /* Project object */ = {
			isa = PBXProject;
			attributes = {
				LastSwiftUpdateCheck = 0830;
				LastUpgradeCheck = 0830;
				ORGANIZATIONNAME = "Rabih Mteyrek";
				TargetAttributes = {
					B28655B91F06FD66005C9162 = {
						CreatedOnToolsVersion = 8.3.1;
						DevelopmentTeam = 89494LGMWD;
						ProvisioningStyle = Automatic;
					};
				};
			};
			buildConfigurationList = B28655B51F06FD66005C9162 /* Build configuration list for PBXProject "GPA Tracker" */;
			compatibilityVersion = "Xcode 3.2";
			developmentRegion = English;
			hasScannedForEncodings = 0;
			knownRegions = (
				en,
				Base,
			);
			mainGroup = B28655B11F06FD66005C9162;
			productRefGroup = B28655BB1F06FD66005C9162 /* Products */;
			projectDirPath = "";
			projectRoot = "";
			targets = (
				B28655B91F06FD66005C9162 /* GPA Tracker */,
			);
		};
/* End PBXProject section */

/* Begin PBXResourcesBuildPhase section */
		B28655B81F06FD66005C9162 /* Resources */ = {
			isa = PBXResourcesBuildPhase;
			buildActionMask = 2147483647;
			files = (
				B28655C81F06FD66005C9162 /* LaunchScreen.storyboard in Resources */,
				B28655C51F06FD66005C9162 /* Assets.xcassets in Resources */,
				B28655C31F06FD66005C9162 /* Main.storyboard in Resources */,
			);
			runOnlyForDeploymentPostprocessing = 0;
		};
/* End PBXResourcesBuildPhase section */

/* Begin PBXSourcesBuildPhase section */
		B28655B61F06FD66005C9162 /* Sources */ = {
			isa = PBXSourcesBuildPhase;
			buildActionMask = 2147483647;
			files = (
				B28655C01F06FD66005C9162 /* ViewController.swift in Sources */,
				B28655BE1F06FD66005C9162 /* AppDelegate.swift in Sources */,
			);
			runOnlyForDeploymentPostprocessing = 0;
		};
/* End PBXSourcesBuildPhase section */

/* Begin PBXVariantGroup section */
		B28655C11F06FD66005C9162 /* Main.storyboard */ = {
			isa = PBXVariantGroup;
			children = (
				B28655C21F06FD66005C9162 /* Base */,
			);
			name = Main.storyboard;
			sourceTree = "<group>";
		};
		B28655C61F06FD66005C9162 /* LaunchScreen.storyboard */ = {
			isa = PBXVariantGroup;
			children = (
				B28655C71F06FD66005C9162 /* Base */,
			);
			name = LaunchScreen.storyboard;
			sourceTree = "<group>";
		};
/* End PBXVariantGroup section */

/* Begin XCBuildConfiguration section */
		B28655CA1F06FD66005C9162 /* Debug */ = {
			isa = XCBuildConfiguration;
			buildSettings = {
				ALWAYS_SEARCH_USER_PATHS = NO;
				CLANG_ANALYZER_NONNULL = YES;
				CLANG_ANALYZER_NUMBER_OBJECT_CONVERSION = YES_AGGRESSIVE;
				CLANG_CXX_LANGUAGE_STANDARD = "gnu++0x";
				CLANG_CXX_LIBRARY = "libc++";
				CLANG_ENABLE_MODULES = YES;
				CLANG_ENABLE_OBJC_ARC = YES;
				CLANG_WARN_BOOL_CONVERSION = YES;
				CLANG_WARN_CONSTANT_CONVERSION = YES;
				CLANG_WARN_DIRECT_OBJC_ISA_USAGE = YES_ERROR;
				CLANG_WARN_DOCUMENTATION_COMMENTS = YES;
				CLANG_WARN_EMPTY_BODY = YES;
				CLANG_WARN_ENUM_CONVERSION = YES;
				CLANG_WARN_INFINITE_RECURSION = YES;
				CLANG_WARN_INT_CONVERSION = YES;
				CLANG_WARN_OBJC_ROOT_CLASS = YES_ERROR;
				CLANG_WARN_SUSPICIOUS_MOVE = YES;
				CLANG_WARN_UNREACHABLE_CODE = YES;
				CLANG_WARN__DUPLICATE_METHOD_MATCH = YES;
				"CODE_SIGN_IDENTITY[sdk=iphoneos*]" = "iPhone Developer";
				COPY_PHASE_STRIP = NO;
				DEBUG_INFORMATION_FORMAT = dwarf;
				ENABLE_STRICT_OBJC_MSGSEND = YES;
				ENABLE_TESTABILITY = YES;
				GCC_C_LANGUAGE_STANDARD = gnu99;
				GCC_DYNAMIC_NO_PIC = NO;
				GCC_NO_COMMON_BLOCKS = YES;
				GCC_OPTIMIZATION_LEVEL = 0;
				GCC_PREPROCESSOR_DEFINITIONS = (
					"DEBUG=1",
					"$(inherited)",
				);
				GCC_WARN_64_TO_32_BIT_CONVERSION = YES;
				GCC_WARN_ABOUT_RETURN_TYPE = YES_ERROR;
				GCC_WARN_UNDECLARED_SELECTOR = YES;
				GCC_WARN_UNINITIALIZED_AUTOS = YES_AGGRESSIVE;
				GCC_WARN_UNUSED_FUNCTION = YES;
				GCC_WARN_UNUSED_VARIABLE = YES;
				IPHONEOS_DEPLOYMENT_TARGET = 10.3;
				MTL_ENABLE_DEBUG_INFO = YES;
				ONLY_ACTIVE_ARCH = YES;
				SDKROOT = iphoneos;
				SWIFT_ACTIVE_COMPILATION_CONDITIONS = DEBUG;
				SWIFT_OPTIMIZATION_LEVEL = "-Onone";
				TARGETED_DEVICE_FAMILY = "1,2";
			};
			name = Debug;
		};
		B28655CB1F06FD66005C9162 /* Release */ = {
			isa = XCBuildConfiguration;
			buildSettings = {
				ALWAYS_SEARCH_USER_PATHS = NO;
				CLANG_ANALYZER_NONNULL = YES;
				CLANG_ANALYZER_NUMBER_OBJECT_CONVERSION = YES_AGGRESSIVE;
				CLANG_CXX_LANGUAGE_STANDARD = "gnu++0x";
				CLANG_CXX_LIBRARY = "libc++";
				CLANG_ENABLE_MODULES = YES;
				CLANG_ENABLE_OBJC_ARC = YES;
				CLANG_WARN_BOOL_CONVERSION = YES;
				CLANG_WARN_CONSTANT_CONVERSION = YES;
				CLANG_WARN_DIRECT_OBJC_ISA_USAGE = YES_ERROR;
				CLANG_WARN_DOCUMENTATION_COMMENTS = YES;
				CLANG_WARN_EMPTY_BODY = YES;
				CLANG_WARN_ENUM_CONVERSION = YES;
				CLANG_WARN_INFINITE_RECURSION = YES;
				CLANG_WARN_INT_CONVERSION = YES;
				CLANG_WARN_OBJC_ROOT_CLASS = YES_ERROR;
				CLANG_WARN_SUSPICIOUS_MOVE = YES;
				CLANG_WARN_UNREACHABLE_CODE = YES;
				CLANG_WARN__DUPLICATE_METHOD_MATCH = YES;
				"CODE_SIGN_IDENTITY[sdk=iphoneos*]" = "iPhone Developer";
				COPY_PHASE_STRIP = NO;
				DEBUG_INFORMATION_FORMAT = "dwarf-with-dsym";
				ENABLE_NS_ASSERTIONS = NO;
				ENABLE_STRICT_OBJC_MSGSEND = YES;
				GCC_C_LANGUAGE_STANDARD = gnu99;
				GCC_NO_COMMON_BLOCKS = YES;
				GCC_WARN_64_TO_32_BIT_CONVERSION = YES;
				GCC_WARN_ABOUT_RETURN_TYPE = YES_ERROR;
				GCC_WARN_UNDECLARED_SELECTOR = YES;
				GCC_WARN_UNINITIALIZED_AUTOS = YES_AGGRESSIVE;
				GCC_WARN_UNUSED_FUNCTION = YES;
				GCC_WARN_UNUSED_VARIABLE = YES;
				IPHONEOS_DEPLOYMENT_TARGET = 10.3;
				MTL_ENABLE_DEBUG_INFO = NO;
				SDKROOT = iphoneos;
				SWIFT_OPTIMIZATION_LEVEL = "-Owholemodule";
				TARGETED_DEVICE_FAMILY = "1,2";
				VALIDATE_PRODUCT = YES;
			};
			name = Release;
		};
		B28655CD1F06FD66005C9162 /* Debug */ = {
			isa = XCBuildConfiguration;
			buildSettings = {
				ASSETCATALOG_COMPILER_APPICON_NAME = AppIcon;
				DEVELOPMENT_TEAM = 89494LGMWD;
				INFOPLIST_FILE = "GPA Tracker/Info.plist";
				LD_RUNPATH_SEARCH_PATHS = "$(inherited) @executable_path/Frameworks";
				PRODUCT_BUNDLE_IDENTIFIER = "com.rabih96.GPA-Tracker";
				PRODUCT_NAME = "$(TARGET_NAME)";
				SWIFT_VERSION = 3.0;
			};
			name = Debug;
		};
		B28655CE1F06FD66005C9162 /* Release */ = {
			isa = XCBuildConfiguration;
			buildSettings = {
				ASSETCATALOG_COMPILER_APPICON_NAME = AppIcon;
				DEVELOPMENT_TEAM = 89494LGMWD;
				INFOPLIST_FILE = "GPA Tracker/Info.plist";
				LD_RUNPATH_SEARCH_PATHS = "$(inherited) @executable_path/Frameworks";
				PRODUCT_BUNDLE_IDENTIFIER = "com.rabih96.GPA-Tracker";
				PRODUCT_NAME = "$(TARGET_NAME)";
				SWIFT_VERSION = 3.0;
			};
			name = Release;
		};
/* End XCBuildConfiguration section */

/* Begin XCConfigurationList section */
		B28655B51F06FD66005C9162 /* Build configuration list for PBXProject "GPA Tracker" */ = {
			isa = XCConfigurationList;
			buildConfigurations = (
				B28655CA1F06FD66005C9162 /* Debug */,
				B28655CB1F06FD66005C9162 /* Release */,
			);
			defaultConfigurationIsVisible = 0;
			defaultConfigurationName = Release;
		};
		B28655CC1F06FD66005C9162 /* Build configuration list for PBXNativeTarget "GPA Tracker" */ = {
			isa = XCConfigurationList;
			buildConfigurations = (
				B28655CD1F06FD66005C9162 /* Debug */,
				B28655CE1F06FD66005C9162 /* Release */,
			);
			defaultConfigurationIsVisible = 0;
		};
/* End XCConfigurationList section */
	};
	rootObject = B28655B21F06FD66005C9162 /* Project object */;
}
